
Microsoft Visual Studio Solution File, Format Version 12.00
# Visual Studio Version 17
VisualStudioVersion = 17.8.34511.84
MinimumVisualStudioVersion = 10.0.40219.1
Project("{FAE04EC0-301F-11D3-BF4B-00C04F79EFBC}") = "Esercizio7", "Esercizio7\Esercizio7.csproj", "{50E805D5-8F3F-4B11-BFA6-3721B2964158}"
EndProject
Global
	GlobalSection(SolutionConfigurationPlatforms) = preSolution
		Debug|Any CPU = Debug|Any CPU
		Release|Any CPU = Release|Any CPU
	EndGlobalSection
	GlobalSection(ProjectConfigurationPlatforms) = postSolution
		{50E805D5-8F3F-4B11-BFA6-3721B2964158}.Debug|Any CPU.ActiveCfg = Debug|Any CPU
		{50E805D5-8F3F-4B11-BFA6-3721B2964158}.Debug|Any CPU.Build.0 = Debug|Any CPU
		{50E805D5-8F3F-4B11-BFA6-3721B2964158}.Release|Any CPU.ActiveCfg = Release|Any CPU
		{50E805D5-8F3F-4B11-BFA6-3721B2964158}.Release|Any CPU.Build.0 = Release|Any CPU
	EndGlobalSection
	GlobalSection(SolutionProperties) = preSolution
		HideSolutionNode = FALSE
	EndGlobalSection
	GlobalSection(ExtensibilityGlobals) = postSolution
		SolutionGuid = {F8859C74-3048-4274-BAFC-0FD0C2F2CC28}
	EndGlobalSection
EndGlobal
