
Microsoft Visual Studio Solution File, Format Version 12.00
# Visual Studio Version 17
VisualStudioVersion = 17.6.33815.320
MinimumVisualStudioVersion = 10.0.40219.1
Project("{FAE04EC0-301F-11D3-BF4B-00C04F79EFBC}") = "Esercizi6", "Esercizi6\Esercizi6.csproj", "{7B0EC18A-397C-49ED-B030-4E6BB98EE28C}"
EndProject
Global
	GlobalSection(SolutionConfigurationPlatforms) = preSolution
		Debug|Any CPU = Debug|Any CPU
		Release|Any CPU = Release|Any CPU
	EndGlobalSection
	GlobalSection(ProjectConfigurationPlatforms) = postSolution
		{7B0EC18A-397C-49ED-B030-4E6BB98EE28C}.Debug|Any CPU.ActiveCfg = Debug|Any CPU
		{7B0EC18A-397C-49ED-B030-4E6BB98EE28C}.Debug|Any CPU.Build.0 = Debug|Any CPU
		{7B0EC18A-397C-49ED-B030-4E6BB98EE28C}.Release|Any CPU.ActiveCfg = Release|Any CPU
		{7B0EC18A-397C-49ED-B030-4E6BB98EE28C}.Release|Any CPU.Build.0 = Release|Any CPU
	EndGlobalSection
	GlobalSection(SolutionProperties) = preSolution
		HideSolutionNode = FALSE
	EndGlobalSection
	GlobalSection(ExtensibilityGlobals) = postSolution
		SolutionGuid = {2B2C8258-8A94-415C-8149-9D747E30C251}
	EndGlobalSection
EndGlobal
