
Microsoft Visual Studio Solution File, Format Version 12.00
# Visual Studio Version 17
VisualStudioVersion = 17.8.34511.84
MinimumVisualStudioVersion = 10.0.40219.1
Project("{FAE04EC0-301F-11D3-BF4B-00C04F79EFBC}") = "Esercizio6", "Esercizio6\Esercizio6.csproj", "{99ED0E42-73C4-45B7-9097-BAF4F767988C}"
EndProject
Global
	GlobalSection(SolutionConfigurationPlatforms) = preSolution
		Debug|Any CPU = Debug|Any CPU
		Release|Any CPU = Release|Any CPU
	EndGlobalSection
	GlobalSection(ProjectConfigurationPlatforms) = postSolution
		{99ED0E42-73C4-45B7-9097-BAF4F767988C}.Debug|Any CPU.ActiveCfg = Debug|Any CPU
		{99ED0E42-73C4-45B7-9097-BAF4F767988C}.Debug|Any CPU.Build.0 = Debug|Any CPU
		{99ED0E42-73C4-45B7-9097-BAF4F767988C}.Release|Any CPU.ActiveCfg = Release|Any CPU
		{99ED0E42-73C4-45B7-9097-BAF4F767988C}.Release|Any CPU.Build.0 = Release|Any CPU
	EndGlobalSection
	GlobalSection(SolutionProperties) = preSolution
		HideSolutionNode = FALSE
	EndGlobalSection
	GlobalSection(ExtensibilityGlobals) = postSolution
		SolutionGuid = {4434D0AF-03BF-4DEA-BF07-737D3CF18B17}
	EndGlobalSection
EndGlobal
