
Microsoft Visual Studio Solution File, Format Version 12.00
# Visual Studio Version 17
VisualStudioVersion = 17.6.33815.320
MinimumVisualStudioVersion = 10.0.40219.1
Project("{FAE04EC0-301F-11D3-BF4B-00C04F79EFBC}") = "Esercizio33", "Esercizio33\Esercizio33.csproj", "{03BEB1BF-B38B-43E1-B137-5460B6E442CB}"
EndProject
Global
	GlobalSection(SolutionConfigurationPlatforms) = preSolution
		Debug|Any CPU = Debug|Any CPU
		Release|Any CPU = Release|Any CPU
	EndGlobalSection
	GlobalSection(ProjectConfigurationPlatforms) = postSolution
		{03BEB1BF-B38B-43E1-B137-5460B6E442CB}.Debug|Any CPU.ActiveCfg = Debug|Any CPU
		{03BEB1BF-B38B-43E1-B137-5460B6E442CB}.Debug|Any CPU.Build.0 = Debug|Any CPU
		{03BEB1BF-B38B-43E1-B137-5460B6E442CB}.Release|Any CPU.ActiveCfg = Release|Any CPU
		{03BEB1BF-B38B-43E1-B137-5460B6E442CB}.Release|Any CPU.Build.0 = Release|Any CPU
	EndGlobalSection
	GlobalSection(SolutionProperties) = preSolution
		HideSolutionNode = FALSE
	EndGlobalSection
	GlobalSection(ExtensibilityGlobals) = postSolution
		SolutionGuid = {6D771F42-7F5A-4B84-B3D5-57955BBF2187}
	EndGlobalSection
EndGlobal
