
Microsoft Visual Studio Solution File, Format Version 12.00
# Visual Studio Version 17
VisualStudioVersion = 17.6.33815.320
MinimumVisualStudioVersion = 10.0.40219.1
Project("{FAE04EC0-301F-11D3-BF4B-00C04F79EFBC}") = "Esercizio12", "Esercizio12\Esercizio12.csproj", "{0A52646B-2E04-48C7-A28A-79ECB91E438F}"
EndProject
Global
	GlobalSection(SolutionConfigurationPlatforms) = preSolution
		Debug|Any CPU = Debug|Any CPU
		Release|Any CPU = Release|Any CPU
	EndGlobalSection
	GlobalSection(ProjectConfigurationPlatforms) = postSolution
		{0A52646B-2E04-48C7-A28A-79ECB91E438F}.Debug|Any CPU.ActiveCfg = Debug|Any CPU
		{0A52646B-2E04-48C7-A28A-79ECB91E438F}.Debug|Any CPU.Build.0 = Debug|Any CPU
		{0A52646B-2E04-48C7-A28A-79ECB91E438F}.Release|Any CPU.ActiveCfg = Release|Any CPU
		{0A52646B-2E04-48C7-A28A-79ECB91E438F}.Release|Any CPU.Build.0 = Release|Any CPU
	EndGlobalSection
	GlobalSection(SolutionProperties) = preSolution
		HideSolutionNode = FALSE
	EndGlobalSection
	GlobalSection(ExtensibilityGlobals) = postSolution
		SolutionGuid = {7FBB4485-FE66-4F71-AFFD-574F3A08F2E4}
	EndGlobalSection
EndGlobal
