
Microsoft Visual Studio Solution File, Format Version 12.00
# Visual Studio Version 17
VisualStudioVersion = 17.6.33815.320
MinimumVisualStudioVersion = 10.0.40219.1
Project("{FAE04EC0-301F-11D3-BF4B-00C04F79EFBC}") = "Esercizio1", "Esercizio1\Esercizio1.csproj", "{BF8C2D35-D8B0-4888-A9C3-85B9DF5F865C}"
EndProject
Global
	GlobalSection(SolutionConfigurationPlatforms) = preSolution
		Debug|Any CPU = Debug|Any CPU
		Release|Any CPU = Release|Any CPU
	EndGlobalSection
	GlobalSection(ProjectConfigurationPlatforms) = postSolution
		{BF8C2D35-D8B0-4888-A9C3-85B9DF5F865C}.Debug|Any CPU.ActiveCfg = Debug|Any CPU
		{BF8C2D35-D8B0-4888-A9C3-85B9DF5F865C}.Debug|Any CPU.Build.0 = Debug|Any CPU
		{BF8C2D35-D8B0-4888-A9C3-85B9DF5F865C}.Release|Any CPU.ActiveCfg = Release|Any CPU
		{BF8C2D35-D8B0-4888-A9C3-85B9DF5F865C}.Release|Any CPU.Build.0 = Release|Any CPU
	EndGlobalSection
	GlobalSection(SolutionProperties) = preSolution
		HideSolutionNode = FALSE
	EndGlobalSection
	GlobalSection(ExtensibilityGlobals) = postSolution
		SolutionGuid = {F1646B1F-0CC1-4FE3-926B-D9DFA3521ED4}
	EndGlobalSection
EndGlobal
