
Microsoft Visual Studio Solution File, Format Version 12.00
# Visual Studio Version 17
VisualStudioVersion = 17.8.34511.84
MinimumVisualStudioVersion = 10.0.40219.1
Project("{FAE04EC0-301F-11D3-BF4B-00C04F79EFBC}") = "Esercizio8", "Esercizio8\Esercizio8.csproj", "{17D13E67-0353-4D21-8A72-11D45E3375DB}"
EndProject
Global
	GlobalSection(SolutionConfigurationPlatforms) = preSolution
		Debug|Any CPU = Debug|Any CPU
		Release|Any CPU = Release|Any CPU
	EndGlobalSection
	GlobalSection(ProjectConfigurationPlatforms) = postSolution
		{17D13E67-0353-4D21-8A72-11D45E3375DB}.Debug|Any CPU.ActiveCfg = Debug|Any CPU
		{17D13E67-0353-4D21-8A72-11D45E3375DB}.Debug|Any CPU.Build.0 = Debug|Any CPU
		{17D13E67-0353-4D21-8A72-11D45E3375DB}.Release|Any CPU.ActiveCfg = Release|Any CPU
		{17D13E67-0353-4D21-8A72-11D45E3375DB}.Release|Any CPU.Build.0 = Release|Any CPU
	EndGlobalSection
	GlobalSection(SolutionProperties) = preSolution
		HideSolutionNode = FALSE
	EndGlobalSection
	GlobalSection(ExtensibilityGlobals) = postSolution
		SolutionGuid = {F5888707-9C4B-4E1D-BDC8-FFCA14809DA1}
	EndGlobalSection
EndGlobal
