
Microsoft Visual Studio Solution File, Format Version 12.00
# Visual Studio Version 17
VisualStudioVersion = 17.6.33815.320
MinimumVisualStudioVersion = 10.0.40219.1
Project("{FAE04EC0-301F-11D3-BF4B-00C04F79EFBC}") = "Esercizio4", "Esercizio4\Esercizio4.csproj", "{2C70F964-93BB-4B34-89CB-8ED617057781}"
EndProject
Global
	GlobalSection(SolutionConfigurationPlatforms) = preSolution
		Debug|Any CPU = Debug|Any CPU
		Release|Any CPU = Release|Any CPU
	EndGlobalSection
	GlobalSection(ProjectConfigurationPlatforms) = postSolution
		{2C70F964-93BB-4B34-89CB-8ED617057781}.Debug|Any CPU.ActiveCfg = Debug|Any CPU
		{2C70F964-93BB-4B34-89CB-8ED617057781}.Debug|Any CPU.Build.0 = Debug|Any CPU
		{2C70F964-93BB-4B34-89CB-8ED617057781}.Release|Any CPU.ActiveCfg = Release|Any CPU
		{2C70F964-93BB-4B34-89CB-8ED617057781}.Release|Any CPU.Build.0 = Release|Any CPU
	EndGlobalSection
	GlobalSection(SolutionProperties) = preSolution
		HideSolutionNode = FALSE
	EndGlobalSection
	GlobalSection(ExtensibilityGlobals) = postSolution
		SolutionGuid = {60070F00-F89E-41F2-B495-FC9C2F9146AB}
	EndGlobalSection
EndGlobal
